
Microsoft Visual Studio Solution File, Format Version 12.00
# Visual Studio Version 17
VisualStudioVersion = 17.9.34728.123
MinimumVisualStudioVersion = 10.0.40219.1
Project("{FAE04EC0-301F-11D3-BF4B-00C04F79EFBC}") = "PredicateProj", "PredicateProj.csproj", "{5590FF7C-8600-4473-B80B-6BB1DD3F20EA}"
EndProject
Global
	GlobalSection(SolutionConfigurationPlatforms) = preSolution
		Debug|Any CPU = Debug|Any CPU
		Release|Any CPU = Release|Any CPU
	EndGlobalSection
	GlobalSection(ProjectConfigurationPlatforms) = postSolution
		{5590FF7C-8600-4473-B80B-6BB1DD3F20EA}.Debug|Any CPU.ActiveCfg = Debug|Any CPU
		{5590FF7C-8600-4473-B80B-6BB1DD3F20EA}.Debug|Any CPU.Build.0 = Debug|Any CPU
		{5590FF7C-8600-4473-B80B-6BB1DD3F20EA}.Release|Any CPU.ActiveCfg = Release|Any CPU
		{5590FF7C-8600-4473-B80B-6BB1DD3F20EA}.Release|Any CPU.Build.0 = Release|Any CPU
	EndGlobalSection
	GlobalSection(SolutionProperties) = preSolution
		HideSolutionNode = FALSE
	EndGlobalSection
	GlobalSection(ExtensibilityGlobals) = postSolution
		SolutionGuid = {B121F4B6-724B-40AB-8D77-F7609AF4A6CE}
	EndGlobalSection
EndGlobal
